{
  "name": "resources",
  "version": "1.0.0",
  "lockfileVersion": 1,
  "requires": true,
  "dependencies": {
    "denotational": {
      "version": "0.1.0",
      "resolved": "https://registry.npmjs.org/denotational/-/denotational-0.1.0.tgz",
      "integrity": "sha512-jvmecPHaQjXLU4hV912wDKF+QgFo0iBLEQ/OF2Sa5OsP4dYQbCxMZtPRuMqpIBo4sZe42QD8fWBCONZ87VZ/OQ=="
    }
  }
}
